// !$*UTF8*$!
{
	archiveVersion = 1;
	classes = {
	};
	objectVersion = 46;
	objects = {

		A962B2F05EA8D9F37EC76D1A = {isa = PBXBuildFile; fileRef = 4FB7382ED97C08AC77FC9BDE; };
		940B0E637055BC29E656A680 = {isa = PBXBuildFile; fileRef = FA9726F5E225AE1E8C4054C8; };
		CE2DE9615565EA63D1E87B15 = {isa = PBXBuildFile; fileRef = D789A995A8498C798008D753; };
		0D747DC517E4C6F565944637 = {isa = PBXFileReference; lastKnownFileType = sourcecode.c.h; name = JuceHeader.h; path = ../../JuceLibraryCode/JuceHeader.h; sourceTree = "SOURCE_ROOT"; };
		483A0E1A33C07CABCD4A0B2C = {isa = PBXFileReference; explicitFileType = wrapper.application; includeInIndex = 0; path = "upmixer_gui.app"; sourceTree = "BUILT_PRODUCTS_DIR"; };
		4A015AA6E86FDB7A1CF35E80 = {isa = PBXFileReference; lastKnownFileType = text.plist.xml; name = Info.plist; path = Info.plist; sourceTree = "SOURCE_ROOT"; };
		4FB7382ED97C08AC77FC9BDE = {isa = PBXFileReference; lastKnownFileType = file.nib; name = RecentFilesMenuTemplate.nib; path = RecentFilesMenuTemplate.nib; sourceTree = "SOURCE_ROOT"; };
		71CA4F4C53179BEACD92669E = {isa = PBXFileReference; lastKnownFileType = sourcecode.c.h; name = AppConfig.h; path = ../../JuceLibraryCode/AppConfig.h; sourceTree = "SOURCE_ROOT"; };
		D789A995A8498C798008D753 = {isa = PBXFileReference; lastKnownFileType = sourcecode.cpp.cpp; name = Main.cpp; path = ../../Source/Main.cpp; sourceTree = "SOURCE_ROOT"; };
		E9C8CA48EFE35ACF9C71B441 = {isa = PBXFileReference; lastKnownFileType = sourcecode.c.h; name = UpmixerComponents.h; path = ../../Source/UpmixerComponents.h; sourceTree = "SOURCE_ROOT"; };
		FA9726F5E225AE1E8C4054C8 = {isa = PBXFileReference; lastKnownFileType = sourcecode.cpp.cpp; name = UpmixerComponents.cpp; path = ../../Source/UpmixerComponents.cpp; sourceTree = "SOURCE_ROOT"; };
		93FBF3400C2029D2756CD588 = {isa = PBXGroup; children = (
					FA9726F5E225AE1E8C4054C8,
					E9C8CA48EFE35ACF9C71B441,
					D789A995A8498C798008D753, ); name = Source; sourceTree = "<group>"; };
		469E13E175973D9C61044B24 = {isa = PBXGroup; children = (
					93FBF3400C2029D2756CD588, ); name = "upmixer_gui"; sourceTree = "<group>"; };
		9B8E6B6AFD640C4808844BA7 = {isa = PBXGroup; children = (
					71CA4F4C53179BEACD92669E,
					0D747DC517E4C6F565944637, ); name = "Juce Library Code"; sourceTree = "<group>"; };
		30780FEF5227208A52E53CF6 = {isa = PBXGroup; children = (
					4A015AA6E86FDB7A1CF35E80,
					4FB7382ED97C08AC77FC9BDE, ); name = Resources; sourceTree = "<group>"; };
		EB20CC181FE2EA39F6974AC0 = {isa = PBXGroup; children = (  ); name = Frameworks; sourceTree = "<group>"; };
		23ED68504FC8048E6B743C9C = {isa = PBXGroup; children = (
					483A0E1A33C07CABCD4A0B2C, ); name = Products; sourceTree = "<group>"; };
		ACB5E0A86BD7E925A06A4FA8 = {isa = PBXGroup; children = (
					469E13E175973D9C61044B24,
					9B8E6B6AFD640C4808844BA7,
					30780FEF5227208A52E53CF6,
					EB20CC181FE2EA39F6974AC0,
					23ED68504FC8048E6B743C9C, ); name = Source; sourceTree = "<group>"; };
		13EABA61231B2619787224AE = {isa = XCBuildConfiguration; buildSettings = {
				CLANG_CXX_LANGUAGE_STANDARD = "c++0x";
				CLANG_LINK_OBJC_RUNTIME = NO;
				COMBINE_HIDPI_IMAGES = YES;
				CONFIGURATION_BUILD_DIR = "$(PROJECT_DIR)/build/$(CONFIGURATION)";
				COPY_PHASE_STRIP = NO;
				GCC_DYNAMIC_NO_PIC = NO;
				GCC_OPTIMIZATION_LEVEL = 0;
				GCC_PREPROCESSOR_DEFINITIONS = (
					"_DEBUG=1",
					"DEBUG=1",
					"JUCER_XCODE_MAC_F6D2F4CF=1",
					"JUCE_APP_VERSION=1.0.0",
					"JUCE_APP_VERSION_HEX=0x10000", );
				GCC_VERSION = com.apple.compilers.llvm.clang.1_0;
				HEADER_SEARCH_PATHS = ("../../JuceLibraryCode", "$(inherited)");
				INFOPLIST_FILE = Info.plist;
				INSTALL_PATH = "$(HOME)/Applications";
				MACOSX_DEPLOYMENT_TARGET_ppc = 10.4;
				SDKROOT_ppc = macosx10.5; }; name = Debug; };
		392F4C827880A921A12B3C99 = {isa = XCBuildConfiguration; buildSettings = {
				CLANG_CXX_LANGUAGE_STANDARD = "c++0x";
				CLANG_LINK_OBJC_RUNTIME = NO;
				COMBINE_HIDPI_IMAGES = YES;
				CONFIGURATION_BUILD_DIR = "$(PROJECT_DIR)/build/$(CONFIGURATION)";
				DEAD_CODE_STRIPPING = YES;
				GCC_GENERATE_DEBUGGING_SYMBOLS = NO;
				GCC_OPTIMIZATION_LEVEL = s;
				GCC_PREPROCESSOR_DEFINITIONS = (
					"_NDEBUG=1",
					"NDEBUG=1",
					"JUCER_XCODE_MAC_F6D2F4CF=1",
					"JUCE_APP_VERSION=1.0.0",
					"JUCE_APP_VERSION_HEX=0x10000", );
				GCC_SYMBOLS_PRIVATE_EXTERN = YES;
				GCC_VERSION = com.apple.compilers.llvm.clang.1_0;
				HEADER_SEARCH_PATHS = ("../../JuceLibraryCode", "$(inherited)");
				INFOPLIST_FILE = Info.plist;
				INSTALL_PATH = "$(HOME)/Applications";
				MACOSX_DEPLOYMENT_TARGET_ppc = 10.4;
				SDKROOT_ppc = macosx10.5; }; name = Release; };
		84B7DEE71A165B793BA7FA25 = {isa = XCBuildConfiguration; buildSettings = {
				ALWAYS_SEARCH_USER_PATHS = NO;
				DEBUG_INFORMATION_FORMAT = "dwarf";
				GCC_C_LANGUAGE_STANDARD = c99;
				GCC_INLINES_ARE_PRIVATE_EXTERN = YES;
				GCC_MODEL_TUNING = G5;
				GCC_WARN_ABOUT_RETURN_TYPE = YES;
				GCC_WARN_CHECK_SWITCH_STATEMENTS = YES;
				GCC_WARN_MISSING_PARENTHESES = YES;
				GCC_WARN_NON_VIRTUAL_DESTRUCTOR = YES;
				GCC_WARN_TYPECHECK_CALLS_TO_PRINTF = YES;
				GCC_WARN_UNUSED_VARIABLE = YES;
				ONLY_ACTIVE_ARCH = YES;
				PRODUCT_NAME = "upmixer_gui";
				WARNING_CFLAGS = -Wreorder;
				ZERO_LINK = NO; }; name = Debug; };
		3AC7CB6FB50575534FB5F0B5 = {isa = XCBuildConfiguration; buildSettings = {
				ALWAYS_SEARCH_USER_PATHS = NO;
				DEBUG_INFORMATION_FORMAT = "dwarf";
				GCC_C_LANGUAGE_STANDARD = c99;
				GCC_INLINES_ARE_PRIVATE_EXTERN = YES;
				GCC_MODEL_TUNING = G5;
				GCC_WARN_ABOUT_RETURN_TYPE = YES;
				GCC_WARN_CHECK_SWITCH_STATEMENTS = YES;
				GCC_WARN_MISSING_PARENTHESES = YES;
				GCC_WARN_NON_VIRTUAL_DESTRUCTOR = YES;
				GCC_WARN_TYPECHECK_CALLS_TO_PRINTF = YES;
				GCC_WARN_UNUSED_VARIABLE = YES;
				PRODUCT_NAME = "upmixer_gui";
				WARNING_CFLAGS = -Wreorder;
				ZERO_LINK = NO; }; name = Release; };
		40C87CF3C2132EA6E891EBD7 = {isa = XCConfigurationList; buildConfigurations = (
					84B7DEE71A165B793BA7FA25,
					3AC7CB6FB50575534FB5F0B5, ); defaultConfigurationIsVisible = 0; defaultConfigurationName = Debug; };
		4EBEAB7166811D76A4CAF01B = {isa = XCConfigurationList; buildConfigurations = (
					13EABA61231B2619787224AE,
					392F4C827880A921A12B3C99, ); defaultConfigurationIsVisible = 0; defaultConfigurationName = Debug; };
		6C2B0521FDF86585351C0313 = {isa = PBXResourcesBuildPhase; buildActionMask = 2147483647; files = (
					A962B2F05EA8D9F37EC76D1A, ); runOnlyForDeploymentPostprocessing = 0; };
		80D2FFA5316EE3859173C1CD = {isa = PBXSourcesBuildPhase; buildActionMask = 2147483647; files = (
					940B0E637055BC29E656A680,
					CE2DE9615565EA63D1E87B15, ); runOnlyForDeploymentPostprocessing = 0; };
		0B40ECD58874F1BA89346731 = {isa = PBXFrameworksBuildPhase; buildActionMask = 2147483647; files = (  ); runOnlyForDeploymentPostprocessing = 0; };
		553263E89FA60C94EB63AFEB = {isa = PBXNativeTarget; buildConfigurationList = 4EBEAB7166811D76A4CAF01B; buildPhases = (
					6C2B0521FDF86585351C0313,
					80D2FFA5316EE3859173C1CD,
					0B40ECD58874F1BA89346731, ); buildRules = ( ); dependencies = ( ); name = "upmixer_gui"; productName = "upmixer_gui"; productReference = 483A0E1A33C07CABCD4A0B2C; productInstallPath = "$(HOME)/Applications"; productType = "com.apple.product-type.application"; };
		AE388C5FA9081457088EF910 = {isa = PBXProject; buildConfigurationList = 40C87CF3C2132EA6E891EBD7; attributes = { LastUpgradeCheck = 0440; }; compatibilityVersion = "Xcode 3.2"; hasScannedForEncodings = 0; mainGroup = ACB5E0A86BD7E925A06A4FA8; projectDirPath = ""; projectRoot = ""; targets = ( 553263E89FA60C94EB63AFEB ); };
	};
	rootObject = AE388C5FA9081457088EF910;
}
